// !$*UTF8*$!
{
	archiveVersion = 1;
	classes = {
	};
	objectVersion = 51;
	objects = {

/* Begin PBXBuildFile section */
		B866E8EB3704954FE29933AB /* Pods_Find_On_Flicker.framework in Frameworks */ = {isa = PBXBuildFile; fileRef = 29FCF6B7298C6821C481C126 /* Pods_Find_On_Flicker.framework */; };
		FA0B98B5238F0C3A00585041 /* AppDelegate.swift in Sources */ = {isa = PBXBuildFile; fileRef = FA0B98B4238F0C3A00585041 /* AppDelegate.swift */; };
		FA0B98B7238F0C3A00585041 /* HomeViewController.swift in Sources */ = {isa = PBXBuildFile; fileRef = FA0B98B6238F0C3A00585041 /* HomeViewController.swift */; };
		FA0B98BA238F0C3A00585041 /* Main.storyboard in Resources */ = {isa = PBXBuildFile; fileRef = FA0B98B8238F0C3A00585041 /* Main.storyboard */; };
		FA0B98BC238F0C3E00585041 /* Assets.xcassets in Resources */ = {isa = PBXBuildFile; fileRef = FA0B98BB238F0C3E00585041 /* Assets.xcassets */; };
		FA0B98BF238F0C3E00585041 /* LaunchScreen.storyboard in Resources */ = {isa = PBXBuildFile; fileRef = FA0B98BD238F0C3E00585041 /* LaunchScreen.storyboard */; };
		FA0B98CF238F0DD900585041 /* CollectionView.swift in Sources */ = {isa = PBXBuildFile; fileRef = FA0B98CE238F0DD900585041 /* CollectionView.swift */; };
		FA5BC2C823904D6300EB4C26 /* DetailsViewController.swift in Sources */ = {isa = PBXBuildFile; fileRef = FA5BC2C723904D6300EB4C26 /* DetailsViewController.swift */; };
		FA664BAD238F10F10076DFDA /* SplashViewController.swift in Sources */ = {isa = PBXBuildFile; fileRef = FA664BAC238F10F10076DFDA /* SplashViewController.swift */; };
		FA664BB0238F11340076DFDA /* NavigationManager.swift in Sources */ = {isa = PBXBuildFile; fileRef = FA664BAF238F11340076DFDA /* NavigationManager.swift */; };
		FA664BB2238F11A80076DFDA /* Common.swift in Sources */ = {isa = PBXBuildFile; fileRef = FA664BB1238F11A80076DFDA /* Common.swift */; };
		FA664BB6238F15F90076DFDA /* UIImageView.swift in Sources */ = {isa = PBXBuildFile; fileRef = FA664BB4238F15F90076DFDA /* UIImageView.swift */; };
		FA664BB7238F15F90076DFDA /* UIView.swift in Sources */ = {isa = PBXBuildFile; fileRef = FA664BB5238F15F90076DFDA /* UIView.swift */; };
		FA664BB9238F172D0076DFDA /* UIViewController.swift in Sources */ = {isa = PBXBuildFile; fileRef = FA664BB8238F172D0076DFDA /* UIViewController.swift */; };
		FA664BBD238F1AFA0076DFDA /* SearchResultsCell.swift in Sources */ = {isa = PBXBuildFile; fileRef = FA664BBB238F1AFA0076DFDA /* SearchResultsCell.swift */; };
		FA664BBE238F1AFA0076DFDA /* SearchResultsCell.xib in Resources */ = {isa = PBXBuildFile; fileRef = FA664BBC238F1AFA0076DFDA /* SearchResultsCell.xib */; };
		FA664BC0238F2A130076DFDA /* SearchServices.swift in Sources */ = {isa = PBXBuildFile; fileRef = FA664BBF238F2A120076DFDA /* SearchServices.swift */; };
		FA664BC2238F2EFF0076DFDA /* SearchResultsModel.swift in Sources */ = {isa = PBXBuildFile; fileRef = FA664BC1238F2EFF0076DFDA /* SearchResultsModel.swift */; };
		FAC759E4238F3FEC001D382E /* String.swift in Sources */ = {isa = PBXBuildFile; fileRef = FAC759E3238F3FEC001D382E /* String.swift */; };
		FAC759E6238FDD13001D382E /* Reachability.swift in Sources */ = {isa = PBXBuildFile; fileRef = FAC759E5238FDD13001D382E /* Reachability.swift */; };
/* End PBXBuildFile section */

/* Begin PBXFileReference section */
		05EA5906F36BA154859B9D69 /* Pods-Find On Flicker.debug.xcconfig */ = {isa = PBXFileReference; includeInIndex = 1; lastKnownFileType = text.xcconfig; name = "Pods-Find On Flicker.debug.xcconfig"; path = "Target Support Files/Pods-Find On Flicker/Pods-Find On Flicker.debug.xcconfig"; sourceTree = "<group>"; };
		29FCF6B7298C6821C481C126 /* Pods_Find_On_Flicker.framework */ = {isa = PBXFileReference; explicitFileType = wrapper.framework; includeInIndex = 0; path = Pods_Find_On_Flicker.framework; sourceTree = BUILT_PRODUCTS_DIR; };
		2D4EE7C45693BD7F8A7EA179 /* Pods-Find On Flicker.release.xcconfig */ = {isa = PBXFileReference; includeInIndex = 1; lastKnownFileType = text.xcconfig; name = "Pods-Find On Flicker.release.xcconfig"; path = "Target Support Files/Pods-Find On Flicker/Pods-Find On Flicker.release.xcconfig"; sourceTree = "<group>"; };
		FA0B98B1238F0C3A00585041 /* Find On Flicker.app */ = {isa = PBXFileReference; explicitFileType = wrapper.application; includeInIndex = 0; path = "Find On Flicker.app"; sourceTree = BUILT_PRODUCTS_DIR; };
		FA0B98B4238F0C3A00585041 /* AppDelegate.swift */ = {isa = PBXFileReference; lastKnownFileType = sourcecode.swift; path = AppDelegate.swift; sourceTree = "<group>"; };
		FA0B98B6238F0C3A00585041 /* HomeViewController.swift */ = {isa = PBXFileReference; lastKnownFileType = sourcecode.swift; path = HomeViewController.swift; sourceTree = "<group>"; };
		FA0B98B9238F0C3A00585041 /* Base */ = {isa = PBXFileReference; lastKnownFileType = file.storyboard; name = Base; path = Base.lproj/Main.storyboard; sourceTree = "<group>"; };
		FA0B98BB238F0C3E00585041 /* Assets.xcassets */ = {isa = PBXFileReference; lastKnownFileType = folder.assetcatalog; path = Assets.xcassets; sourceTree = "<group>"; };
		FA0B98BE238F0C3E00585041 /* Base */ = {isa = PBXFileReference; lastKnownFileType = file.storyboard; name = Base; path = Base.lproj/LaunchScreen.storyboard; sourceTree = "<group>"; };
		FA0B98C0238F0C3E00585041 /* Info.plist */ = {isa = PBXFileReference; lastKnownFileType = text.plist.xml; path = Info.plist; sourceTree = "<group>"; };
		FA0B98CE238F0DD900585041 /* CollectionView.swift */ = {isa = PBXFileReference; fileEncoding = 4; lastKnownFileType = sourcecode.swift; path = CollectionView.swift; sourceTree = "<group>"; };
		FA5BC2C723904D6300EB4C26 /* DetailsViewController.swift */ = {isa = PBXFileReference; lastKnownFileType = sourcecode.swift; path = DetailsViewController.swift; sourceTree = "<group>"; };
		FA664BAC238F10F10076DFDA /* SplashViewController.swift */ = {isa = PBXFileReference; fileEncoding = 4; lastKnownFileType = sourcecode.swift; path = SplashViewController.swift; sourceTree = "<group>"; };
		FA664BAF238F11340076DFDA /* NavigationManager.swift */ = {isa = PBXFileReference; lastKnownFileType = sourcecode.swift; path = NavigationManager.swift; sourceTree = "<group>"; };
		FA664BB1238F11A80076DFDA /* Common.swift */ = {isa = PBXFileReference; lastKnownFileType = sourcecode.swift; path = Common.swift; sourceTree = "<group>"; };
		FA664BB4238F15F90076DFDA /* UIImageView.swift */ = {isa = PBXFileReference; fileEncoding = 4; lastKnownFileType = sourcecode.swift; path = UIImageView.swift; sourceTree = "<group>"; };
		FA664BB5238F15F90076DFDA /* UIView.swift */ = {isa = PBXFileReference; fileEncoding = 4; lastKnownFileType = sourcecode.swift; path = UIView.swift; sourceTree = "<group>"; };
		FA664BB8238F172D0076DFDA /* UIViewController.swift */ = {isa = PBXFileReference; lastKnownFileType = sourcecode.swift; path = UIViewController.swift; sourceTree = "<group>"; };
		FA664BBB238F1AFA0076DFDA /* SearchResultsCell.swift */ = {isa = PBXFileReference; lastKnownFileType = sourcecode.swift; path = SearchResultsCell.swift; sourceTree = "<group>"; };
		FA664BBC238F1AFA0076DFDA /* SearchResultsCell.xib */ = {isa = PBXFileReference; lastKnownFileType = file.xib; path = SearchResultsCell.xib; sourceTree = "<group>"; };
		FA664BBF238F2A120076DFDA /* SearchServices.swift */ = {isa = PBXFileReference; lastKnownFileType = sourcecode.swift; path = SearchServices.swift; sourceTree = "<group>"; };
		FA664BC1238F2EFF0076DFDA /* SearchResultsModel.swift */ = {isa = PBXFileReference; lastKnownFileType = sourcecode.swift; path = SearchResultsModel.swift; sourceTree = "<group>"; };
		FAC759E3238F3FEC001D382E /* String.swift */ = {isa = PBXFileReference; lastKnownFileType = sourcecode.swift; path = String.swift; sourceTree = "<group>"; };
		FAC759E5238FDD13001D382E /* Reachability.swift */ = {isa = PBXFileReference; fileEncoding = 4; lastKnownFileType = sourcecode.swift; path = Reachability.swift; sourceTree = "<group>"; };
/* End PBXFileReference section */

/* Begin PBXFrameworksBuildPhase section */
		FA0B98AE238F0C3A00585041 /* Frameworks */ = {
			isa = PBXFrameworksBuildPhase;
			buildActionMask = 2147483647;
			files = (
				B866E8EB3704954FE29933AB /* Pods_Find_On_Flicker.framework in Frameworks */,
			);
			runOnlyForDeploymentPostprocessing = 0;
		};
/* End PBXFrameworksBuildPhase section */

/* Begin PBXGroup section */
		AA82FEB78D1D57559091C884 /* Pods */ = {
			isa = PBXGroup;
			children = (
				05EA5906F36BA154859B9D69 /* Pods-Find On Flicker.debug.xcconfig */,
				2D4EE7C45693BD7F8A7EA179 /* Pods-Find On Flicker.release.xcconfig */,
			);
			path = Pods;
			sourceTree = "<group>";
		};
		FA0B98A8238F0C3A00585041 = {
			isa = PBXGroup;
			children = (
				FA0B98B3238F0C3A00585041 /* Find On Flicker */,
				FA0B98B2238F0C3A00585041 /* Products */,
				AA82FEB78D1D57559091C884 /* Pods */,
				FEC031563E2C1A77B2E51C6B /* Frameworks */,
			);
			sourceTree = "<group>";
		};
		FA0B98B2238F0C3A00585041 /* Products */ = {
			isa = PBXGroup;
			children = (
				FA0B98B1238F0C3A00585041 /* Find On Flicker.app */,
			);
			name = Products;
			sourceTree = "<group>";
		};
		FA0B98B3238F0C3A00585041 /* Find On Flicker */ = {
			isa = PBXGroup;
			children = (
				FA0B98C6238F0C5400585041 /* Network */,
				FA0B98C9238F0C7100585041 /* Models */,
				FA0B98C8238F0C6A00585041 /* Views */,
				FA0B98C7238F0C5E00585041 /* Controllers */,
				FA0B98CB238F0C8500585041 /* Extensions */,
				FA664BAE238F11130076DFDA /* Supporting Files */,
				FA0B98CA238F0C7C00585041 /* Resources */,
				FA0B98B4238F0C3A00585041 /* AppDelegate.swift */,
			);
			path = "Find On Flicker";
			sourceTree = "<group>";
		};
		FA0B98C6238F0C5400585041 /* Network */ = {
			isa = PBXGroup;
			children = (
				FA664BBF238F2A120076DFDA /* SearchServices.swift */,
			);
			path = Network;
			sourceTree = "<group>";
		};
		FA0B98C7238F0C5E00585041 /* Controllers */ = {
			isa = PBXGroup;
			children = (
				FA664BB3238F14540076DFDA /* Home */,
				FA664BAB238F10C40076DFDA /* SplashScreen */,
				FA5BC2C923904D6900EB4C26 /* Details View Controller */,
			);
			path = Controllers;
			sourceTree = "<group>";
		};
		FA0B98C8238F0C6A00585041 /* Views */ = {
			isa = PBXGroup;
			children = (
				FA664BBA238F1ACD0076DFDA /* Search Results Cell */,
				FA0B98CD238F0CCC00585041 /* Layouts */,
			);
			path = Views;
			sourceTree = "<group>";
		};
		FA0B98C9238F0C7100585041 /* Models */ = {
			isa = PBXGroup;
			children = (
				FA664BC1238F2EFF0076DFDA /* SearchResultsModel.swift */,
			);
			path = Models;
			sourceTree = "<group>";
		};
		FA0B98CA238F0C7C00585041 /* Resources */ = {
			isa = PBXGroup;
			children = (
				FA0B98BB238F0C3E00585041 /* Assets.xcassets */,
				FA0B98C0238F0C3E00585041 /* Info.plist */,
			);
			path = Resources;
			sourceTree = "<group>";
		};
		FA0B98CB238F0C8500585041 /* Extensions */ = {
			isa = PBXGroup;
			children = (
				FA664BB4238F15F90076DFDA /* UIImageView.swift */,
				FA664BB5238F15F90076DFDA /* UIView.swift */,
				FA0B98CE238F0DD900585041 /* CollectionView.swift */,
				FA664BB8238F172D0076DFDA /* UIViewController.swift */,
				FAC759E3238F3FEC001D382E /* String.swift */,
			);
			path = Extensions;
			sourceTree = "<group>";
		};
		FA0B98CD238F0CCC00585041 /* Layouts */ = {
			isa = PBXGroup;
			children = (
				FA0B98B8238F0C3A00585041 /* Main.storyboard */,
				FA0B98BD238F0C3E00585041 /* LaunchScreen.storyboard */,
			);
			path = Layouts;
			sourceTree = "<group>";
		};
		FA5BC2C923904D6900EB4C26 /* Details View Controller */ = {
			isa = PBXGroup;
			children = (
				FA5BC2C723904D6300EB4C26 /* DetailsViewController.swift */,
			);
			path = "Details View Controller";
			sourceTree = "<group>";
		};
		FA664BAB238F10C40076DFDA /* SplashScreen */ = {
			isa = PBXGroup;
			children = (
				FA664BAC238F10F10076DFDA /* SplashViewController.swift */,
			);
			path = SplashScreen;
			sourceTree = "<group>";
		};
		FA664BAE238F11130076DFDA /* Supporting Files */ = {
			isa = PBXGroup;
			children = (
				FAC759E5238FDD13001D382E /* Reachability.swift */,
				FA664BAF238F11340076DFDA /* NavigationManager.swift */,
				FA664BB1238F11A80076DFDA /* Common.swift */,
			);
			path = "Supporting Files";
			sourceTree = "<group>";
		};
		FA664BB3238F14540076DFDA /* Home */ = {
			isa = PBXGroup;
			children = (
				FA0B98B6238F0C3A00585041 /* HomeViewController.swift */,
			);
			path = Home;
			sourceTree = "<group>";
		};
		FA664BBA238F1ACD0076DFDA /* Search Results Cell */ = {
			isa = PBXGroup;
			children = (
				FA664BBB238F1AFA0076DFDA /* SearchResultsCell.swift */,
				FA664BBC238F1AFA0076DFDA /* SearchResultsCell.xib */,
			);
			path = "Search Results Cell";
			sourceTree = "<group>";
		};
		FEC031563E2C1A77B2E51C6B /* Frameworks */ = {
			isa = PBXGroup;
			children = (
				29FCF6B7298C6821C481C126 /* Pods_Find_On_Flicker.framework */,
			);
			name = Frameworks;
			sourceTree = "<group>";
		};
/* End PBXGroup section */

/* Begin PBXNativeTarget section */
		FA0B98B0238F0C3A00585041 /* Find On Flicker */ = {
			isa = PBXNativeTarget;
			buildConfigurationList = FA0B98C3238F0C3E00585041 /* Build configuration list for PBXNativeTarget "Find On Flicker" */;
			buildPhases = (
				90FD18174F7E9AF90138EECB /* [CP] Check Pods Manifest.lock */,
				FA0B98AD238F0C3A00585041 /* Sources */,
				FA0B98AE238F0C3A00585041 /* Frameworks */,
				FA0B98AF238F0C3A00585041 /* Resources */,
				02DE95A575EF7BA69E0DB533 /* [CP] Embed Pods Frameworks */,
			);
			buildRules = (
			);
			dependencies = (
			);
			name = "Find On Flicker";
			productName = "Find On Flicker";
			productReference = FA0B98B1238F0C3A00585041 /* Find On Flicker.app */;
			productType = "com.apple.product-type.application";
		};
/* End PBXNativeTarget section */

/* Begin PBXProject section */
		FA0B98A9238F0C3A00585041 /* Project object */ = {
			isa = PBXProject;
			attributes = {
				LastSwiftUpdateCheck = 1030;
				LastUpgradeCheck = 1030;
				ORGANIZATIONNAME = prog_zidane;
				TargetAttributes = {
					FA0B98B0238F0C3A00585041 = {
						CreatedOnToolsVersion = 10.3;
					};
				};
			};
			buildConfigurationList = FA0B98AC238F0C3A00585041 /* Build configuration list for PBXProject "Find On Flicker" */;
			compatibilityVersion = "Xcode 9.3";
			developmentRegion = en;
			hasScannedForEncodings = 0;
			knownRegions = (
				en,
				Base,
			);
			mainGroup = FA0B98A8238F0C3A00585041;
			productRefGroup = FA0B98B2238F0C3A00585041 /* Products */;
			projectDirPath = "";
			projectRoot = "";
			targets = (
				FA0B98B0238F0C3A00585041 /* Find On Flicker */,
			);
		};
/* End PBXProject section */

/* Begin PBXResourcesBuildPhase section */
		FA0B98AF238F0C3A00585041 /* Resources */ = {
			isa = PBXResourcesBuildPhase;
			buildActionMask = 2147483647;
			files = (
				FA0B98BF238F0C3E00585041 /* LaunchScreen.storyboard in Resources */,
				FA0B98BC238F0C3E00585041 /* Assets.xcassets in Resources */,
				FA664BBE238F1AFA0076DFDA /* SearchResultsCell.xib in Resources */,
				FA0B98BA238F0C3A00585041 /* Main.storyboard in Resources */,
			);
			runOnlyForDeploymentPostprocessing = 0;
		};
/* End PBXResourcesBuildPhase section */

/* Begin PBXShellScriptBuildPhase section */
		02DE95A575EF7BA69E0DB533 /* [CP] Embed Pods Frameworks */ = {
			isa = PBXShellScriptBuildPhase;
			buildActionMask = 2147483647;
			files = (
			);
			inputFileListPaths = (
				"${PODS_ROOT}/Target Support Files/Pods-Find On Flicker/Pods-Find On Flicker-frameworks-${CONFIGURATION}-input-files.xcfilelist",
			);
			name = "[CP] Embed Pods Frameworks";
			outputFileListPaths = (
				"${PODS_ROOT}/Target Support Files/Pods-Find On Flicker/Pods-Find On Flicker-frameworks-${CONFIGURATION}-output-files.xcfilelist",
			);
			runOnlyForDeploymentPostprocessing = 0;
			shellPath = /bin/sh;
			shellScript = "\"${PODS_ROOT}/Target Support Files/Pods-Find On Flicker/Pods-Find On Flicker-frameworks.sh\"\n";
			showEnvVarsInLog = 0;
		};
		90FD18174F7E9AF90138EECB /* [CP] Check Pods Manifest.lock */ = {
			isa = PBXShellScriptBuildPhase;
			buildActionMask = 2147483647;
			files = (
			);
			inputFileListPaths = (
			);
			inputPaths = (
				"${PODS_PODFILE_DIR_PATH}/Podfile.lock",
				"${PODS_ROOT}/Manifest.lock",
			);
			name = "[CP] Check Pods Manifest.lock";
			outputFileListPaths = (
			);
			outputPaths = (
				"$(DERIVED_FILE_DIR)/Pods-Find On Flicker-checkManifestLockResult.txt",
			);
			runOnlyForDeploymentPostprocessing = 0;
			shellPath = /bin/sh;
			shellScript = "diff \"${PODS_PODFILE_DIR_PATH}/Podfile.lock\" \"${PODS_ROOT}/Manifest.lock\" > /dev/null\nif [ $? != 0 ] ; then\n    # print error to STDERR\n    echo \"error: The sandbox is not in sync with the Podfile.lock. Run 'pod install' or update your CocoaPods installation.\" >&2\n    exit 1\nfi\n# This output is used by Xcode 'outputs' to avoid re-running this script phase.\necho \"SUCCESS\" > \"${SCRIPT_OUTPUT_FILE_0}\"\n";
			showEnvVarsInLog = 0;
		};
/* End PBXShellScriptBuildPhase section */

/* Begin PBXSourcesBuildPhase section */
		FA0B98AD238F0C3A00585041 /* Sources */ = {
			isa = PBXSourcesBuildPhase;
			buildActionMask = 2147483647;
			files = (
				FAC759E6238FDD13001D382E /* Reachability.swift in Sources */,
				FA664BB7238F15F90076DFDA /* UIView.swift in Sources */,
				FAC759E4238F3FEC001D382E /* String.swift in Sources */,
				FA664BB9238F172D0076DFDA /* UIViewController.swift in Sources */,
				FA664BC0238F2A130076DFDA /* SearchServices.swift in Sources */,
				FA0B98CF238F0DD900585041 /* CollectionView.swift in Sources */,
				FA0B98B7238F0C3A00585041 /* HomeViewController.swift in Sources */,
				FA664BB6238F15F90076DFDA /* UIImageView.swift in Sources */,
				FA0B98B5238F0C3A00585041 /* AppDelegate.swift in Sources */,
				FA664BBD238F1AFA0076DFDA /* SearchResultsCell.swift in Sources */,
				FA664BC2238F2EFF0076DFDA /* SearchResultsModel.swift in Sources */,
				FA664BAD238F10F10076DFDA /* SplashViewController.swift in Sources */,
				FA664BB2238F11A80076DFDA /* Common.swift in Sources */,
				FA664BB0238F11340076DFDA /* NavigationManager.swift in Sources */,
				FA5BC2C823904D6300EB4C26 /* DetailsViewController.swift in Sources */,
			);
			runOnlyForDeploymentPostprocessing = 0;
		};
/* End PBXSourcesBuildPhase section */

/* Begin PBXVariantGroup section */
		FA0B98B8238F0C3A00585041 /* Main.storyboard */ = {
			isa = PBXVariantGroup;
			children = (
				FA0B98B9238F0C3A00585041 /* Base */,
			);
			name = Main.storyboard;
			sourceTree = "<group>";
		};
		FA0B98BD238F0C3E00585041 /* LaunchScreen.storyboard */ = {
			isa = PBXVariantGroup;
			children = (
				FA0B98BE238F0C3E00585041 /* Base */,
			);
			name = LaunchScreen.storyboard;
			sourceTree = "<group>";
		};
/* End PBXVariantGroup section */

/* Begin XCBuildConfiguration section */
		FA0B98C1238F0C3E00585041 /* Debug */ = {
			isa = XCBuildConfiguration;
			buildSettings = {
				ALWAYS_SEARCH_USER_PATHS = NO;
				CLANG_ANALYZER_NONNULL = YES;
				CLANG_ANALYZER_NUMBER_OBJECT_CONVERSION = YES_AGGRESSIVE;
				CLANG_CXX_LANGUAGE_STANDARD = "gnu++14";
				CLANG_CXX_LIBRARY = "libc++";
				CLANG_ENABLE_MODULES = YES;
				CLANG_ENABLE_OBJC_ARC = YES;
				CLANG_ENABLE_OBJC_WEAK = YES;
				CLANG_WARN_BLOCK_CAPTURE_AUTORELEASING = YES;
				CLANG_WARN_BOOL_CONVERSION = YES;
				CLANG_WARN_COMMA = YES;
				CLANG_WARN_CONSTANT_CONVERSION = YES;
				CLANG_WARN_DEPRECATED_OBJC_IMPLEMENTATIONS = YES;
				CLANG_WARN_DIRECT_OBJC_ISA_USAGE = YES_ERROR;
				CLANG_WARN_DOCUMENTATION_COMMENTS = YES;
				CLANG_WARN_EMPTY_BODY = YES;
				CLANG_WARN_ENUM_CONVERSION = YES;
				CLANG_WARN_INFINITE_RECURSION = YES;
				CLANG_WARN_INT_CONVERSION = YES;
				CLANG_WARN_NON_LITERAL_NULL_CONVERSION = YES;
				CLANG_WARN_OBJC_IMPLICIT_RETAIN_SELF = YES;
				CLANG_WARN_OBJC_LITERAL_CONVERSION = YES;
				CLANG_WARN_OBJC_ROOT_CLASS = YES_ERROR;
				CLANG_WARN_RANGE_LOOP_ANALYSIS = YES;
				CLANG_WARN_STRICT_PROTOTYPES = YES;
				CLANG_WARN_SUSPICIOUS_MOVE = YES;
				CLANG_WARN_UNGUARDED_AVAILABILITY = YES_AGGRESSIVE;
				CLANG_WARN_UNREACHABLE_CODE = YES;
				CLANG_WARN__DUPLICATE_METHOD_MATCH = YES;
				CODE_SIGN_IDENTITY = "iPhone Developer";
				COPY_PHASE_STRIP = NO;
				DEBUG_INFORMATION_FORMAT = dwarf;
				ENABLE_STRICT_OBJC_MSGSEND = YES;
				ENABLE_TESTABILITY = YES;
				GCC_C_LANGUAGE_STANDARD = gnu11;
				GCC_DYNAMIC_NO_PIC = NO;
				GCC_NO_COMMON_BLOCKS = YES;
				GCC_OPTIMIZATION_LEVEL = 0;
				GCC_PREPROCESSOR_DEFINITIONS = (
					"DEBUG=1",
					"$(inherited)",
				);
				GCC_WARN_64_TO_32_BIT_CONVERSION = YES;
				GCC_WARN_ABOUT_RETURN_TYPE = YES_ERROR;
				GCC_WARN_UNDECLARED_SELECTOR = YES;
				GCC_WARN_UNINITIALIZED_AUTOS = YES_AGGRESSIVE;
				GCC_WARN_UNUSED_FUNCTION = YES;
				GCC_WARN_UNUSED_VARIABLE = YES;
				IPHONEOS_DEPLOYMENT_TARGET = 12.4;
				MTL_ENABLE_DEBUG_INFO = INCLUDE_SOURCE;
				MTL_FAST_MATH = YES;
				ONLY_ACTIVE_ARCH = YES;
				SDKROOT = iphoneos;
				SWIFT_ACTIVE_COMPILATION_CONDITIONS = DEBUG;
				SWIFT_OPTIMIZATION_LEVEL = "-Onone";
			};
			name = Debug;
		};
		FA0B98C2238F0C3E00585041 /* Release */ = {
			isa = XCBuildConfiguration;
			buildSettings = {
				ALWAYS_SEARCH_USER_PATHS = NO;
				CLANG_ANALYZER_NONNULL = YES;
				CLANG_ANALYZER_NUMBER_OBJECT_CONVERSION = YES_AGGRESSIVE;
				CLANG_CXX_LANGUAGE_STANDARD = "gnu++14";
				CLANG_CXX_LIBRARY = "libc++";
				CLANG_ENABLE_MODULES = YES;
				CLANG_ENABLE_OBJC_ARC = YES;
				CLANG_ENABLE_OBJC_WEAK = YES;
				CLANG_WARN_BLOCK_CAPTURE_AUTORELEASING = YES;
				CLANG_WARN_BOOL_CONVERSION = YES;
				CLANG_WARN_COMMA = YES;
				CLANG_WARN_CONSTANT_CONVERSION = YES;
				CLANG_WARN_DEPRECATED_OBJC_IMPLEMENTATIONS = YES;
				CLANG_WARN_DIRECT_OBJC_ISA_USAGE = YES_ERROR;
				CLANG_WARN_DOCUMENTATION_COMMENTS = YES;
				CLANG_WARN_EMPTY_BODY = YES;
				CLANG_WARN_ENUM_CONVERSION = YES;
				CLANG_WARN_INFINITE_RECURSION = YES;
				CLANG_WARN_INT_CONVERSION = YES;
				CLANG_WARN_NON_LITERAL_NULL_CONVERSION = YES;
				CLANG_WARN_OBJC_IMPLICIT_RETAIN_SELF = YES;
				CLANG_WARN_OBJC_LITERAL_CONVERSION = YES;
				CLANG_WARN_OBJC_ROOT_CLASS = YES_ERROR;
				CLANG_WARN_RANGE_LOOP_ANALYSIS = YES;
				CLANG_WARN_STRICT_PROTOTYPES = YES;
				CLANG_WARN_SUSPICIOUS_MOVE = YES;
				CLANG_WARN_UNGUARDED_AVAILABILITY = YES_AGGRESSIVE;
				CLANG_WARN_UNREACHABLE_CODE = YES;
				CLANG_WARN__DUPLICATE_METHOD_MATCH = YES;
				CODE_SIGN_IDENTITY = "iPhone Developer";
				COPY_PHASE_STRIP = NO;
				DEBUG_INFORMATION_FORMAT = "dwarf-with-dsym";
				ENABLE_NS_ASSERTIONS = NO;
				ENABLE_STRICT_OBJC_MSGSEND = YES;
				GCC_C_LANGUAGE_STANDARD = gnu11;
				GCC_NO_COMMON_BLOCKS = YES;
				GCC_WARN_64_TO_32_BIT_CONVERSION = YES;
				GCC_WARN_ABOUT_RETURN_TYPE = YES_ERROR;
				GCC_WARN_UNDECLARED_SELECTOR = YES;
				GCC_WARN_UNINITIALIZED_AUTOS = YES_AGGRESSIVE;
				GCC_WARN_UNUSED_FUNCTION = YES;
				GCC_WARN_UNUSED_VARIABLE = YES;
				IPHONEOS_DEPLOYMENT_TARGET = 12.4;
				MTL_ENABLE_DEBUG_INFO = NO;
				MTL_FAST_MATH = YES;
				SDKROOT = iphoneos;
				SWIFT_COMPILATION_MODE = wholemodule;
				SWIFT_OPTIMIZATION_LEVEL = "-O";
				VALIDATE_PRODUCT = YES;
			};
			name = Release;
		};
		FA0B98C4238F0C3E00585041 /* Debug */ = {
			isa = XCBuildConfiguration;
			baseConfigurationReference = 05EA5906F36BA154859B9D69 /* Pods-Find On Flicker.debug.xcconfig */;
			buildSettings = {
				ASSETCATALOG_COMPILER_APPICON_NAME = AppIcon;
				CODE_SIGN_STYLE = Automatic;
				DEVELOPMENT_TEAM = QX9AC3J6FG;
				INFOPLIST_FILE = "$(SRCROOT)/Find On Flicker/Resources/Info.plist";
				LD_RUNPATH_SEARCH_PATHS = (
					"$(inherited)",
					"@executable_path/Frameworks",
				);
				PRODUCT_BUNDLE_IDENTIFIER = "com.m.s.zidane.com.Find-On-Flicker";
				PRODUCT_NAME = "$(TARGET_NAME)";
				SWIFT_VERSION = 5.0;
				TARGETED_DEVICE_FAMILY = "1,2";
			};
			name = Debug;
		};
		FA0B98C5238F0C3E00585041 /* Release */ = {
			isa = XCBuildConfiguration;
			baseConfigurationReference = 2D4EE7C45693BD7F8A7EA179 /* Pods-Find On Flicker.release.xcconfig */;
			buildSettings = {
				ASSETCATALOG_COMPILER_APPICON_NAME = AppIcon;
				CODE_SIGN_STYLE = Automatic;
				DEVELOPMENT_TEAM = QX9AC3J6FG;
				INFOPLIST_FILE = "$(SRCROOT)/Find On Flicker/Resources/Info.plist";
				LD_RUNPATH_SEARCH_PATHS = (
					"$(inherited)",
					"@executable_path/Frameworks",
				);
				PRODUCT_BUNDLE_IDENTIFIER = "com.m.s.zidane.com.Find-On-Flicker";
				PRODUCT_NAME = "$(TARGET_NAME)";
				SWIFT_VERSION = 5.0;
				TARGETED_DEVICE_FAMILY = "1,2";
			};
			name = Release;
		};
/* End XCBuildConfiguration section */

/* Begin XCConfigurationList section */
		FA0B98AC238F0C3A00585041 /* Build configuration list for PBXProject "Find On Flicker" */ = {
			isa = XCConfigurationList;
			buildConfigurations = (
				FA0B98C1238F0C3E00585041 /* Debug */,
				FA0B98C2238F0C3E00585041 /* Release */,
			);
			defaultConfigurationIsVisible = 0;
			defaultConfigurationName = Release;
		};
		FA0B98C3238F0C3E00585041 /* Build configuration list for PBXNativeTarget "Find On Flicker" */ = {
			isa = XCConfigurationList;
			buildConfigurations = (
				FA0B98C4238F0C3E00585041 /* Debug */,
				FA0B98C5238F0C3E00585041 /* Release */,
			);
			defaultConfigurationIsVisible = 0;
			defaultConfigurationName = Release;
		};
/* End XCConfigurationList section */
	};
	rootObject = FA0B98A9238F0C3A00585041 /* Project object */;
}
